
Microsoft Visual Studio Solution File, Format Version 12.00
# Visual Studio Version 17
VisualStudioVersion = 17.6.33829.357
MinimumVisualStudioVersion = 10.0.40219.1
Project("{FAE04EC0-301F-11D3-BF4B-00C04F79EFBC}") = "Lab2", "Lab2.csproj", "{CAC0243E-6F72-4626-A2FC-86C2F7E2A4C8}"
EndProject
Global
	GlobalSection(SolutionConfigurationPlatforms) = preSolution
		Debug|Any CPU = Debug|Any CPU
		Release|Any CPU = Release|Any CPU
	EndGlobalSection
	GlobalSection(ProjectConfigurationPlatforms) = postSolution
		{CAC0243E-6F72-4626-A2FC-86C2F7E2A4C8}.Debug|Any CPU.ActiveCfg = Debug|Any CPU
		{CAC0243E-6F72-4626-A2FC-86C2F7E2A4C8}.Debug|Any CPU.Build.0 = Debug|Any CPU
		{CAC0243E-6F72-4626-A2FC-86C2F7E2A4C8}.Release|Any CPU.ActiveCfg = Release|Any CPU
		{CAC0243E-6F72-4626-A2FC-86C2F7E2A4C8}.Release|Any CPU.Build.0 = Release|Any CPU
	EndGlobalSection
	GlobalSection(SolutionProperties) = preSolution
		HideSolutionNode = FALSE
	EndGlobalSection
	GlobalSection(ExtensibilityGlobals) = postSolution
		SolutionGuid = {2716ED8C-E41C-4746-A3D0-2B98C1F4D477}
	EndGlobalSection
EndGlobal
